<?xml version="1.0" encoding="utf-8"?>
<Project ToolsVersion="4.0" xmlns="http://schemas.microsoft.com/developer/msbuild/2003">
  <ItemGroup>
    <Filter Include="Source Files">
      <UniqueIdentifier>{a057b5f4-ea13-4f89-9084-b8d30bc4bf13}</UniqueIdentifier>
      <Extensions>cpp;c;cxx;def;odl;idl;hpj;bat;asm</Extensions>
    </Filter>
    <Filter Include="Header Files">
      <UniqueIdentifier>{a9e979a9-7946-4801-a5d5-d3f8f54bd247}</UniqueIdentifier>
      <Extensions>h;hpp;hxx;hm;inl;inc</Extensions>
    </Filter>
    <Filter Include="Resource Files">
      <UniqueIdentifier>{2ffd21d9-5908-4dfb-b868-efec78c131c6}</UniqueIdentifier>
      <Extensions>rc;ico;cur;bmp;dlg;rc2;rct;bin;rgs;jpg;jpeg;jpe;manifest</Extensions>
    </Filter>
    <Filter Include="Include Files">
      <UniqueIdentifier>{0e0f3d46-8a35-4103-b528-dbd4cb2fdd38}</UniqueIdentifier>
    </Filter>
  </ItemGroup>
  <ItemGroup>
    <ClCompile Include="AboutDlg.cpp">
      <Filter>Source Files</Filter>
    </ClCompile>
    <ClCompile Include="Builder.cpp">
      <Filter>Source Files</Filter>
    </ClCompile>
    <ClCompile Include="connectdlg.cpp">
      <Filter>Source Files</Filter>
    </ClCompile>
    <ClCompile Include="des.cpp">
      <Filter>Source Files</Filter>
    </ClCompile>
    <ClCompile Include="DrawRect.cpp">
      <Filter>Source Files</Filter>
    </ClCompile>
    <ClCompile Include="DrawTool.cpp">
      <Filter>Source Files</Filter>
    </ClCompile>
    <ClCompile Include="InstSettingsDlg.cpp">
      <Filter>Source Files</Filter>
    </ClCompile>
    <ClCompile Include="MainFrm.cpp">
      <Filter>Source Files</Filter>
    </ClCompile>
    <ClCompile Include="Module.cpp">
      <Filter>Source Files</Filter>
    </ClCompile>
    <ClCompile Include="NewDlg.cpp">
      <Filter>Source Files</Filter>
    </ClCompile>
    <ClCompile Include="stdafx.cpp">
      <Filter>Source Files</Filter>
    </ClCompile>
    <ClCompile Include="VBuilder.cpp">
      <Filter>Source Files</Filter>
    </ClCompile>
    <ClCompile Include="VBuilderView.cpp">
      <Filter>Source Files</Filter>
    </ClCompile>
  </ItemGroup>
  <ItemGroup>
    <ClInclude Include="RxUtil.h">
      <Filter>Source Files</Filter>
    </ClInclude>
    <ClInclude Include="AboutDlg.h">
      <Filter>Header Files</Filter>
    </ClInclude>
    <ClInclude Include="Builder.h">
      <Filter>Header Files</Filter>
    </ClInclude>
    <ClInclude Include="des.h">
      <Filter>Header Files</Filter>
    </ClInclude>
    <ClInclude Include="DrawRect.h">
      <Filter>Header Files</Filter>
    </ClInclude>
    <ClInclude Include="DrawTool.h">
      <Filter>Header Files</Filter>
    </ClInclude>
    <ClInclude Include="FoldersDockingWindow.h">
      <Filter>Header Files</Filter>
    </ClInclude>
    <ClInclude Include="Inst.h">
      <Filter>Header Files</Filter>
    </ClInclude>
    <ClInclude Include="InstSettingsDlg.h">
      <Filter>Header Files</Filter>
    </ClInclude>
    <ClInclude Include="MainFrm.h">
      <Filter>Header Files</Filter>
    </ClInclude>
    <ClInclude Include="Module.h">
      <Filter>Header Files</Filter>
    </ClInclude>
    <ClInclude Include="NewDlg.h">
      <Filter>Header Files</Filter>
    </ClInclude>
    <ClInclude Include="OutputDockingWindow.h">
      <Filter>Header Files</Filter>
    </ClInclude>
    <ClInclude Include="Pare.h">
      <Filter>Header Files</Filter>
    </ClInclude>
    <ClInclude Include="resource.h">
      <Filter>Header Files</Filter>
    </ClInclude>
    <ClInclude Include="Segment.h">
      <Filter>Header Files</Filter>
    </ClInclude>
    <ClInclude Include="stdafx.h">
      <Filter>Header Files</Filter>
    </ClInclude>
    <ClInclude Include="VBuilderView.h">
      <Filter>Header Files</Filter>
    </ClInclude>
    <ClInclude Include="Wire.h">
      <Filter>Header Files</Filter>
    </ClInclude>
    <ClInclude Include="..\include\PropertyItem.h">
      <Filter>Include Files</Filter>
    </ClInclude>
    <ClInclude Include="..\include\PropertyItemEditors.h">
      <Filter>Include Files</Filter>
    </ClInclude>
    <ClInclude Include="..\include\PropertyItemImpl.h">
      <Filter>Include Files</Filter>
    </ClInclude>
    <ClInclude Include="..\include\PropertyList.h">
      <Filter>Include Files</Filter>
    </ClInclude>
  </ItemGroup>
  <ItemGroup>
    <None Include="res\bitmap1.bmp">
      <Filter>Resource Files</Filter>
    </None>
    <None Include="res\bitmap2.bmp">
      <Filter>Resource Files</Filter>
    </None>
    <None Include="res\bitmap5.bmp">
      <Filter>Resource Files</Filter>
    </None>
    <None Include="res\bmp00001.bmp">
      <Filter>Resource Files</Filter>
    </None>
    <None Include="res\sdf1.bin">
      <Filter>Resource Files</Filter>
    </None>
    <None Include="res\toolbar.bmp">
      <Filter>Resource Files</Filter>
    </None>
    <None Include="res\treeimages.bmp">
      <Filter>Resource Files</Filter>
    </None>
    <None Include="..\..\..\source\design\photothing_src\res\treeimages.bmp">
      <Filter>Resource Files</Filter>
    </None>
    <None Include="res\treeimages_mask.bmp">
      <Filter>Resource Files</Filter>
    </None>
    <None Include="..\..\..\source\design\photothing_src\res\treeimages_mask.bmp">
      <Filter>Resource Files</Filter>
    </None>
    <None Include="res\VBuilder.ico">
      <Filter>Resource Files</Filter>
    </None>
  </ItemGroup>
  <ItemGroup>
    <ResourceCompile Include="VBuilder.rc">
      <Filter>Resource Files</Filter>
    </ResourceCompile>
  </ItemGroup>
</Project>